
Microsoft Visual Studio Solution File, Format Version 12.00
# Visual Studio 2013
VisualStudioVersion = 12.0.31101.0
MinimumVisualStudioVersion = 10.0.40219.1
Project("{8BC9CEB8-8B4A-11D0-8D11-00A0C91BC942}") = "SFML_OpenGL_Base", "SFML_OpenGL_Base\SFML_OpenGL_Base.vcxproj", "{CFE24657-C6E0-4E91-89EE-BA3999E73B1A}"
EndProject
Global
	GlobalSection(SolutionConfigurationPlatforms) = preSolution
		Debug|Win32 = Debug|Win32
		Release|Win32 = Release|Win32
	EndGlobalSection
	GlobalSection(ProjectConfigurationPlatforms) = postSolution
		{CFE24657-C6E0-4E91-89EE-BA3999E73B1A}.Debug|Win32.ActiveCfg = Debug|Win32
		{CFE24657-C6E0-4E91-89EE-BA3999E73B1A}.Debug|Win32.Build.0 = Debug|Win32
		{CFE24657-C6E0-4E91-89EE-BA3999E73B1A}.Release|Win32.ActiveCfg = Release|Win32
		{CFE24657-C6E0-4E91-89EE-BA3999E73B1A}.Release|Win32.Build.0 = Release|Win32
	EndGlobalSection
	GlobalSection(SolutionProperties) = preSolution
		HideSolutionNode = FALSE
	EndGlobalSection
EndGlobal
